
Microsoft Visual Studio Solution File, Format Version 12.00
# Visual Studio Version 17
VisualStudioVersion = 17.5.33502.453
MinimumVisualStudioVersion = 10.0.40219.1
Project("{9A19103F-16F7-4668-BE54-9A1E7A4F7556}") = "CourseStore", "CourseStore\CourseStore.csproj", "{A8B5520F-CE7A-4007-B34C-68791A9CEC1D}"
EndProject
Global
	GlobalSection(SolutionConfigurationPlatforms) = preSolution
		Debug|Any CPU = Debug|Any CPU
		Release|Any CPU = Release|Any CPU
	EndGlobalSection
	GlobalSection(ProjectConfigurationPlatforms) = postSolution
		{A8B5520F-CE7A-4007-B34C-68791A9CEC1D}.Debug|Any CPU.ActiveCfg = Debug|Any CPU
		{A8B5520F-CE7A-4007-B34C-68791A9CEC1D}.Debug|Any CPU.Build.0 = Debug|Any CPU
		{A8B5520F-CE7A-4007-B34C-68791A9CEC1D}.Release|Any CPU.ActiveCfg = Release|Any CPU
		{A8B5520F-CE7A-4007-B34C-68791A9CEC1D}.Release|Any CPU.Build.0 = Release|Any CPU
	EndGlobalSection
	GlobalSection(SolutionProperties) = preSolution
		HideSolutionNode = FALSE
	EndGlobalSection
	GlobalSection(ExtensibilityGlobals) = postSolution
		SolutionGuid = {4AA49014-8726-4F50-BF03-9D8EDD75AC34}
	EndGlobalSection
EndGlobal
